// !$*UTF8*$!
{
	archiveVersion = 1;
	classes = {
	};
	objectVersion = 46;
	objects = {

/* Begin PBXBuildFile section */
		18017E8219F8EF9800BB9B29 /* LaunchScreen.xib in Resources */ = {isa = PBXBuildFile; fileRef = 18017E8119F8EF9800BB9B29 /* LaunchScreen.xib */; };
		180C237919E4D41A008F8C0E /* main.m in Sources */ = {isa = PBXBuildFile; fileRef = 180C237819E4D41A008F8C0E /* main.m */; };
		180C237C19E4D41A008F8C0E /* AppDelegate.m in Sources */ = {isa = PBXBuildFile; fileRef = 180C237B19E4D41A008F8C0E /* AppDelegate.m */; };
		180C237F19E4D41A008F8C0E /* ViewController.m in Sources */ = {isa = PBXBuildFile; fileRef = 180C237E19E4D41A008F8C0E /* ViewController.m */; };
		180C238219E4D41A008F8C0E /* Main.storyboard in Resources */ = {isa = PBXBuildFile; fileRef = 180C238019E4D41A008F8C0E /* Main.storyboard */; };
		180C238419E4D41A008F8C0E /* Images.xcassets in Resources */ = {isa = PBXBuildFile; fileRef = 180C238319E4D41A008F8C0E /* Images.xcassets */; };
		180C239319E4D41A008F8C0E /* ExpressionChatTests.m in Sources */ = {isa = PBXBuildFile; fileRef = 180C239219E4D41A008F8C0E /* ExpressionChatTests.m */; };
		180C239F19E4D556008F8C0E /* SystemConfiguration.framework in Frameworks */ = {isa = PBXBuildFile; fileRef = 180C239E19E4D556008F8C0E /* SystemConfiguration.framework */; };
		180C23A119E4D563008F8C0E /* MobileCoreServices.framework in Frameworks */ = {isa = PBXBuildFile; fileRef = 180C23A019E4D563008F8C0E /* MobileCoreServices.framework */; };
		180C23A319E4D56E008F8C0E /* CoreTelephony.framework in Frameworks */ = {isa = PBXBuildFile; fileRef = 180C23A219E4D56E008F8C0E /* CoreTelephony.framework */; };
		180C23A519E4D576008F8C0E /* CoreLocation.framework in Frameworks */ = {isa = PBXBuildFile; fileRef = 180C23A419E4D576008F8C0E /* CoreLocation.framework */; };
		180C23A719E4D590008F8C0E /* libicucore.dylib in Frameworks */ = {isa = PBXBuildFile; fileRef = 180C23A619E4D590008F8C0E /* libicucore.dylib */; };
		180C23AA19E522D7008F8C0E /* LoginViewController.m in Sources */ = {isa = PBXBuildFile; fileRef = 180C23A919E522D7008F8C0E /* LoginViewController.m */; };
		182EBE0019FCEB7100D3AC01 /* AudioToolbox.framework in Frameworks */ = {isa = PBXBuildFile; fileRef = 182EBDFF19FCEB7100D3AC01 /* AudioToolbox.framework */; };
		183560CB1A1EE85E0079BCE2 /* AboutViewController.m in Sources */ = {isa = PBXBuildFile; fileRef = 183560CA1A1EE85E0079BCE2 /* AboutViewController.m */; };
		183560D01A1F08ED0079BCE2 /* warning.png in Resources */ = {isa = PBXBuildFile; fileRef = 183560CF1A1F08ED0079BCE2 /* warning.png */; };
		183C19FC1A255E4600150D4E /* MessageUI.framework in Frameworks */ = {isa = PBXBuildFile; fileRef = 183C19FB1A255E4600150D4E /* MessageUI.framework */; };
		183EE39019EE06BC0096DC26 /* EmojiViewController.m in Sources */ = {isa = PBXBuildFile; fileRef = 183EE38F19EE06BC0096DC26 /* EmojiViewController.m */; };
		183EE39319EE09810096DC26 /* Emoji.plist in Resources */ = {isa = PBXBuildFile; fileRef = 183EE39219EE09810096DC26 /* Emoji.plist */; };
		1840F8DC19EB59A600F64F7C /* BiuSessionManager.m in Sources */ = {isa = PBXBuildFile; fileRef = 1840F8DB19EB59A600F64F7C /* BiuSessionManager.m */; };
		1841E3DF19E5270400859B58 /* MainViewController.m in Sources */ = {isa = PBXBuildFile; fileRef = 1841E3DE19E5270400859B58 /* MainViewController.m */; };
		185212011A1D742500CA86B4 /* record_animate_01.png in Resources */ = {isa = PBXBuildFile; fileRef = 185211F11A1D742500CA86B4 /* record_animate_01.png */; };
		185212021A1D742500CA86B4 /* record_animate_02.png in Resources */ = {isa = PBXBuildFile; fileRef = 185211F21A1D742500CA86B4 /* record_animate_02.png */; };
		185212031A1D742500CA86B4 /* record_animate_03.png in Resources */ = {isa = PBXBuildFile; fileRef = 185211F31A1D742500CA86B4 /* record_animate_03.png */; };
		185212041A1D742500CA86B4 /* record_animate_04.png in Resources */ = {isa = PBXBuildFile; fileRef = 185211F41A1D742500CA86B4 /* record_animate_04.png */; };
		185212051A1D742500CA86B4 /* record_animate_05.png in Resources */ = {isa = PBXBuildFile; fileRef = 185211F51A1D742500CA86B4 /* record_animate_05.png */; };
		185212061A1D742500CA86B4 /* record_animate_06.png in Resources */ = {isa = PBXBuildFile; fileRef = 185211F61A1D742500CA86B4 /* record_animate_06.png */; };
		185212071A1D742500CA86B4 /* record_animate_07.png in Resources */ = {isa = PBXBuildFile; fileRef = 185211F71A1D742500CA86B4 /* record_animate_07.png */; };
		185212081A1D742500CA86B4 /* record_animate_08.png in Resources */ = {isa = PBXBuildFile; fileRef = 185211F81A1D742500CA86B4 /* record_animate_08.png */; };
		185212091A1D742500CA86B4 /* record_animate_09.png in Resources */ = {isa = PBXBuildFile; fileRef = 185211F91A1D742500CA86B4 /* record_animate_09.png */; };
		1852120A1A1D742500CA86B4 /* record_animate_10.png in Resources */ = {isa = PBXBuildFile; fileRef = 185211FA1A1D742500CA86B4 /* record_animate_10.png */; };
		1852120B1A1D742500CA86B4 /* record_animate_11.png in Resources */ = {isa = PBXBuildFile; fileRef = 185211FB1A1D742500CA86B4 /* record_animate_11.png */; };
		1852120C1A1D742500CA86B4 /* record_animate_12.png in Resources */ = {isa = PBXBuildFile; fileRef = 185211FC1A1D742500CA86B4 /* record_animate_12.png */; };
		1852120D1A1D742500CA86B4 /* record_animate_13.png in Resources */ = {isa = PBXBuildFile; fileRef = 185211FD1A1D742500CA86B4 /* record_animate_13.png */; };
		1852120E1A1D742500CA86B4 /* record_animate_14.png in Resources */ = {isa = PBXBuildFile; fileRef = 185211FE1A1D742500CA86B4 /* record_animate_14.png */; };
		1852120F1A1D742500CA86B4 /* record_animate_15.png in Resources */ = {isa = PBXBuildFile; fileRef = 185211FF1A1D742500CA86B4 /* record_animate_15.png */; };
		185212101A1D742500CA86B4 /* record_bg.png in Resources */ = {isa = PBXBuildFile; fileRef = 185212001A1D742500CA86B4 /* record_bg.png */; };
		185267ED1A1AD67B0078BB0E /* highLight.png in Resources */ = {isa = PBXBuildFile; fileRef = 185267EC1A1AD67B0078BB0E /* highLight.png */; };
		185267EF1A1AD96C0078BB0E /* normal.png in Resources */ = {isa = PBXBuildFile; fileRef = 185267EE1A1AD96C0078BB0E /* normal.png */; };
		185267F21A1B317E0078BB0E /* BiuMessage.m in Sources */ = {isa = PBXBuildFile; fileRef = 185267F11A1B317E0078BB0E /* BiuMessage.m */; };
		18531ECC1A11995600C38B07 /* lame.framework in Frameworks */ = {isa = PBXBuildFile; fileRef = 18531ECB1A11995600C38B07 /* lame.framework */; };
		18531ECE1A119CCD00C38B07 /* Foundation.framework in Frameworks */ = {isa = PBXBuildFile; fileRef = 18531ECD1A119CCD00C38B07 /* Foundation.framework */; };
		18580A9B1A01132D00C1539E /* Animation.m in Sources */ = {isa = PBXBuildFile; fileRef = 18580A9A1A01132D00C1539E /* Animation.m */; };
		185914BF1A15A0EF00BFDEBE /* amrFileCodec.m in Sources */ = {isa = PBXBuildFile; fileRef = 185914BE1A15A0EF00BFDEBE /* amrFileCodec.m */; settings = {COMPILER_FLAGS = "-fno-objc-arc"; }; };
		185914CC1A15A1CC00BFDEBE /* libopencore-amrnb.a in Frameworks */ = {isa = PBXBuildFile; fileRef = 185914C81A15A1CC00BFDEBE /* libopencore-amrnb.a */; };
		185914CD1A15A1CC00BFDEBE /* libopencore-amrwb.a in Frameworks */ = {isa = PBXBuildFile; fileRef = 185914C91A15A1CC00BFDEBE /* libopencore-amrwb.a */; };
		187570DF1A2221CD008B86E3 /* EmojiBoardView.m in Sources */ = {isa = PBXBuildFile; fileRef = 187570DE1A2221CD008B86E3 /* EmojiBoardView.m */; };
		1887AE8A1A1F5B2600760AAD /* UINavigationController+YRBackGesture.m in Sources */ = {isa = PBXBuildFile; fileRef = 1887AE891A1F5B2600760AAD /* UINavigationController+YRBackGesture.m */; };
		18912ADD1A01CF6500BF0797 /* JZSwipeCell.m in Sources */ = {isa = PBXBuildFile; fileRef = 18912ADC1A01CF6500BF0797 /* JZSwipeCell.m */; };
		1891BA8E1A20A6F000347A20 /* biu_logo.png in Resources */ = {isa = PBXBuildFile; fileRef = 1891BA8D1A20A6F000347A20 /* biu_logo.png */; };
		1897652E1A272CF400C4B050 /* RecordAudio.m in Sources */ = {isa = PBXBuildFile; fileRef = 185914CB1A15A1CC00BFDEBE /* RecordAudio.m */; settings = {COMPILER_FLAGS = "-fno-objc-arc"; }; };
		1897652F1A27431100C4B050 /* AVOSCloud.framework in Frameworks */ = {isa = PBXBuildFile; fileRef = 1848FCBF1A26B77A004F08D1 /* AVOSCloud.framework */; };
		189BE4241A046BD5002FF4FA /* ResourceManager.m in Sources */ = {isa = PBXBuildFile; fileRef = 189BE4231A046BD5002FF4FA /* ResourceManager.m */; };
		189BE4401A067760002FF4FA /* SettingsViewController.m in Sources */ = {isa = PBXBuildFile; fileRef = 189BE43F1A067760002FF4FA /* SettingsViewController.m */; };
		18AA172F1A5A7DE900518CC6 /* NotifyMsg.m in Sources */ = {isa = PBXBuildFile; fileRef = 18AA172E1A5A7DE900518CC6 /* NotifyMsg.m */; };
		18AA17321A5A7DEA00518CC6 /* Friends.m in Sources */ = {isa = PBXBuildFile; fileRef = 18AA17311A5A7DEA00518CC6 /* Friends.m */; };
		18B6A1A219FF2B08008C4EE9 /* Friends+Methods.m in Sources */ = {isa = PBXBuildFile; fileRef = 18B6A1A119FF2B08008C4EE9 /* Friends+Methods.m */; };
		18B6A1A519FF2D29008C4EE9 /* NotifyMsg+Methods.m in Sources */ = {isa = PBXBuildFile; fileRef = 18B6A1A419FF2D29008C4EE9 /* NotifyMsg+Methods.m */; };
		18B78AFF1A09C62300540327 /* Toast.m in Sources */ = {isa = PBXBuildFile; fileRef = 18B78AFE1A09C62300540327 /* Toast.m */; };
		18C675D21A2AB9B000A21CDB /* correct.png in Resources */ = {isa = PBXBuildFile; fileRef = 18C675D11A2AB9B000A21CDB /* correct.png */; };
		18E009311A0723560071F471 /* ValidateViewController.m in Sources */ = {isa = PBXBuildFile; fileRef = 18E009301A0723560071F471 /* ValidateViewController.m */; };
		18EF7FB119E685B60018AC26 /* DBBiu.xcdatamodeld in Sources */ = {isa = PBXBuildFile; fileRef = 18EF7FAF19E685B60018AC26 /* DBBiu.xcdatamodeld */; };
/* End PBXBuildFile section */

/* Begin PBXContainerItemProxy section */
		180C238D19E4D41A008F8C0E /* PBXContainerItemProxy */ = {
			isa = PBXContainerItemProxy;
			containerPortal = 180C236B19E4D419008F8C0E /* Project object */;
			proxyType = 1;
			remoteGlobalIDString = 180C237219E4D419008F8C0E;
			remoteInfo = ExpressionChat;
		};
/* End PBXContainerItemProxy section */

/* Begin PBXFileReference section */
		18017E8119F8EF9800BB9B29 /* LaunchScreen.xib */ = {isa = PBXFileReference; fileEncoding = 4; lastKnownFileType = file.xib; path = LaunchScreen.xib; sourceTree = "<group>"; };
		180C237319E4D419008F8C0E /* Biu.app */ = {isa = PBXFileReference; explicitFileType = wrapper.application; includeInIndex = 0; path = Biu.app; sourceTree = BUILT_PRODUCTS_DIR; };
		180C237719E4D41A008F8C0E /* Info.plist */ = {isa = PBXFileReference; lastKnownFileType = text.plist.xml; path = Info.plist; sourceTree = "<group>"; };
		180C237819E4D41A008F8C0E /* main.m */ = {isa = PBXFileReference; lastKnownFileType = sourcecode.c.objc; path = main.m; sourceTree = "<group>"; };
		180C237A19E4D41A008F8C0E /* AppDelegate.h */ = {isa = PBXFileReference; lastKnownFileType = sourcecode.c.h; path = AppDelegate.h; sourceTree = "<group>"; };
		180C237B19E4D41A008F8C0E /* AppDelegate.m */ = {isa = PBXFileReference; lastKnownFileType = sourcecode.c.objc; path = AppDelegate.m; sourceTree = "<group>"; };
		180C237D19E4D41A008F8C0E /* ViewController.h */ = {isa = PBXFileReference; lastKnownFileType = sourcecode.c.h; path = ViewController.h; sourceTree = "<group>"; };
		180C237E19E4D41A008F8C0E /* ViewController.m */ = {isa = PBXFileReference; lastKnownFileType = sourcecode.c.objc; path = ViewController.m; sourceTree = "<group>"; };
		180C238119E4D41A008F8C0E /* Base */ = {isa = PBXFileReference; lastKnownFileType = file.storyboard; name = Base; path = Base.lproj/Main.storyboard; sourceTree = "<group>"; };
		180C238319E4D41A008F8C0E /* Images.xcassets */ = {isa = PBXFileReference; lastKnownFileType = folder.assetcatalog; path = Images.xcassets; sourceTree = "<group>"; };
		180C238C19E4D41A008F8C0E /* ExpressionChatTests.xctest */ = {isa = PBXFileReference; explicitFileType = wrapper.cfbundle; includeInIndex = 0; path = ExpressionChatTests.xctest; sourceTree = BUILT_PRODUCTS_DIR; };
		180C239119E4D41A008F8C0E /* Info.plist */ = {isa = PBXFileReference; lastKnownFileType = text.plist.xml; path = Info.plist; sourceTree = "<group>"; };
		180C239219E4D41A008F8C0E /* ExpressionChatTests.m */ = {isa = PBXFileReference; lastKnownFileType = sourcecode.c.objc; path = ExpressionChatTests.m; sourceTree = "<group>"; };
		180C239E19E4D556008F8C0E /* SystemConfiguration.framework */ = {isa = PBXFileReference; lastKnownFileType = wrapper.framework; name = SystemConfiguration.framework; path = System/Library/Frameworks/SystemConfiguration.framework; sourceTree = SDKROOT; };
		180C23A019E4D563008F8C0E /* MobileCoreServices.framework */ = {isa = PBXFileReference; lastKnownFileType = wrapper.framework; name = MobileCoreServices.framework; path = System/Library/Frameworks/MobileCoreServices.framework; sourceTree = SDKROOT; };
		180C23A219E4D56E008F8C0E /* CoreTelephony.framework */ = {isa = PBXFileReference; lastKnownFileType = wrapper.framework; name = CoreTelephony.framework; path = System/Library/Frameworks/CoreTelephony.framework; sourceTree = SDKROOT; };
		180C23A419E4D576008F8C0E /* CoreLocation.framework */ = {isa = PBXFileReference; lastKnownFileType = wrapper.framework; name = CoreLocation.framework; path = System/Library/Frameworks/CoreLocation.framework; sourceTree = SDKROOT; };
		180C23A619E4D590008F8C0E /* libicucore.dylib */ = {isa = PBXFileReference; lastKnownFileType = "compiled.mach-o.dylib"; name = libicucore.dylib; path = usr/lib/libicucore.dylib; sourceTree = SDKROOT; };
		180C23A819E522D7008F8C0E /* LoginViewController.h */ = {isa = PBXFileReference; fileEncoding = 4; lastKnownFileType = sourcecode.c.h; path = LoginViewController.h; sourceTree = "<group>"; };
		180C23A919E522D7008F8C0E /* LoginViewController.m */ = {isa = PBXFileReference; fileEncoding = 4; lastKnownFileType = sourcecode.c.objc; path = LoginViewController.m; sourceTree = "<group>"; };
		182EBDFF19FCEB7100D3AC01 /* AudioToolbox.framework */ = {isa = PBXFileReference; lastKnownFileType = wrapper.framework; name = AudioToolbox.framework; path = System/Library/Frameworks/AudioToolbox.framework; sourceTree = SDKROOT; };
		183560C91A1EE85E0079BCE2 /* AboutViewController.h */ = {isa = PBXFileReference; fileEncoding = 4; lastKnownFileType = sourcecode.c.h; path = AboutViewController.h; sourceTree = "<group>"; };
		183560CA1A1EE85E0079BCE2 /* AboutViewController.m */ = {isa = PBXFileReference; fileEncoding = 4; lastKnownFileType = sourcecode.c.objc; path = AboutViewController.m; sourceTree = "<group>"; };
		183560CF1A1F08ED0079BCE2 /* warning.png */ = {isa = PBXFileReference; lastKnownFileType = image.png; path = warning.png; sourceTree = "<group>"; };
		183C19FB1A255E4600150D4E /* MessageUI.framework */ = {isa = PBXFileReference; lastKnownFileType = wrapper.framework; name = MessageUI.framework; path = System/Library/Frameworks/MessageUI.framework; sourceTree = SDKROOT; };
		183EE38E19EE06BC0096DC26 /* EmojiViewController.h */ = {isa = PBXFileReference; fileEncoding = 4; lastKnownFileType = sourcecode.c.h; path = EmojiViewController.h; sourceTree = "<group>"; };
		183EE38F19EE06BC0096DC26 /* EmojiViewController.m */ = {isa = PBXFileReference; fileEncoding = 4; lastKnownFileType = sourcecode.c.objc; path = EmojiViewController.m; sourceTree = "<group>"; };
		183EE39219EE09810096DC26 /* Emoji.plist */ = {isa = PBXFileReference; fileEncoding = 4; lastKnownFileType = text.plist.xml; path = Emoji.plist; sourceTree = "<group>"; };
		1840F8DA19EB59A600F64F7C /* BiuSessionManager.h */ = {isa = PBXFileReference; fileEncoding = 4; lastKnownFileType = sourcecode.c.h; path = BiuSessionManager.h; sourceTree = "<group>"; };
		1840F8DB19EB59A600F64F7C /* BiuSessionManager.m */ = {isa = PBXFileReference; fileEncoding = 4; lastKnownFileType = sourcecode.c.objc; path = BiuSessionManager.m; sourceTree = "<group>"; };
		1841E3DD19E5270400859B58 /* MainViewController.h */ = {isa = PBXFileReference; fileEncoding = 4; lastKnownFileType = sourcecode.c.h; path = MainViewController.h; sourceTree = "<group>"; };
		1841E3DE19E5270400859B58 /* MainViewController.m */ = {isa = PBXFileReference; fileEncoding = 4; lastKnownFileType = sourcecode.c.objc; path = MainViewController.m; sourceTree = "<group>"; };
		1848FCBF1A26B77A004F08D1 /* AVOSCloud.framework */ = {isa = PBXFileReference; lastKnownFileType = wrapper.framework; path = AVOSCloud.framework; sourceTree = "<group>"; };
		1848FCC11A26C0E5004F08D1 /* zh-Hans */ = {isa = PBXFileReference; lastKnownFileType = text.plist.strings; name = "zh-Hans"; path = "zh-Hans.lproj/Main.strings"; sourceTree = "<group>"; };
		185211F11A1D742500CA86B4 /* record_animate_01.png */ = {isa = PBXFileReference; lastKnownFileType = image.png; path = record_animate_01.png; sourceTree = "<group>"; };
		185211F21A1D742500CA86B4 /* record_animate_02.png */ = {isa = PBXFileReference; lastKnownFileType = image.png; path = record_animate_02.png; sourceTree = "<group>"; };
		185211F31A1D742500CA86B4 /* record_animate_03.png */ = {isa = PBXFileReference; lastKnownFileType = image.png; path = record_animate_03.png; sourceTree = "<group>"; };
		185211F41A1D742500CA86B4 /* record_animate_04.png */ = {isa = PBXFileReference; lastKnownFileType = image.png; path = record_animate_04.png; sourceTree = "<group>"; };
		185211F51A1D742500CA86B4 /* record_animate_05.png */ = {isa = PBXFileReference; lastKnownFileType = image.png; path = record_animate_05.png; sourceTree = "<group>"; };
		185211F61A1D742500CA86B4 /* record_animate_06.png */ = {isa = PBXFileReference; lastKnownFileType = image.png; path = record_animate_06.png; sourceTree = "<group>"; };
		185211F71A1D742500CA86B4 /* record_animate_07.png */ = {isa = PBXFileReference; lastKnownFileType = image.png; path = record_animate_07.png; sourceTree = "<group>"; };
		185211F81A1D742500CA86B4 /* record_animate_08.png */ = {isa = PBXFileReference; lastKnownFileType = image.png; path = record_animate_08.png; sourceTree = "<group>"; };
		185211F91A1D742500CA86B4 /* record_animate_09.png */ = {isa = PBXFileReference; lastKnownFileType = image.png; path = record_animate_09.png; sourceTree = "<group>"; };
		185211FA1A1D742500CA86B4 /* record_animate_10.png */ = {isa = PBXFileReference; lastKnownFileType = image.png; path = record_animate_10.png; sourceTree = "<group>"; };
		185211FB1A1D742500CA86B4 /* record_animate_11.png */ = {isa = PBXFileReference; lastKnownFileType = image.png; path = record_animate_11.png; sourceTree = "<group>"; };
		185211FC1A1D742500CA86B4 /* record_animate_12.png */ = {isa = PBXFileReference; lastKnownFileType = image.png; path = record_animate_12.png; sourceTree = "<group>"; };
		185211FD1A1D742500CA86B4 /* record_animate_13.png */ = {isa = PBXFileReference; lastKnownFileType = image.png; path = record_animate_13.png; sourceTree = "<group>"; };
		185211FE1A1D742500CA86B4 /* record_animate_14.png */ = {isa = PBXFileReference; lastKnownFileType = image.png; path = record_animate_14.png; sourceTree = "<group>"; };
		185211FF1A1D742500CA86B4 /* record_animate_15.png */ = {isa = PBXFileReference; lastKnownFileType = image.png; path = record_animate_15.png; sourceTree = "<group>"; };
		185212001A1D742500CA86B4 /* record_bg.png */ = {isa = PBXFileReference; lastKnownFileType = image.png; path = record_bg.png; sourceTree = "<group>"; };
		185267EC1A1AD67B0078BB0E /* highLight.png */ = {isa = PBXFileReference; lastKnownFileType = image.png; name = highLight.png; path = ExpressionChat/highLight.png; sourceTree = "<group>"; };
		185267EE1A1AD96C0078BB0E /* normal.png */ = {isa = PBXFileReference; lastKnownFileType = image.png; name = normal.png; path = ExpressionChat/normal.png; sourceTree = "<group>"; };
		185267F01A1B317E0078BB0E /* BiuMessage.h */ = {isa = PBXFileReference; fileEncoding = 4; lastKnownFileType = sourcecode.c.h; path = BiuMessage.h; sourceTree = "<group>"; };
		185267F11A1B317E0078BB0E /* BiuMessage.m */ = {isa = PBXFileReference; fileEncoding = 4; lastKnownFileType = sourcecode.c.objc; path = BiuMessage.m; sourceTree = "<group>"; };
		18531ECB1A11995600C38B07 /* lame.framework */ = {isa = PBXFileReference; lastKnownFileType = wrapper.framework; path = lame.framework; sourceTree = "<group>"; };
		18531ECD1A119CCD00C38B07 /* Foundation.framework */ = {isa = PBXFileReference; lastKnownFileType = wrapper.framework; name = Foundation.framework; path = System/Library/Frameworks/Foundation.framework; sourceTree = SDKROOT; };
		18580A991A01132D00C1539E /* Animation.h */ = {isa = PBXFileReference; fileEncoding = 4; lastKnownFileType = sourcecode.c.h; name = Animation.h; path = ExpressionChat/Animation.h; sourceTree = "<group>"; };
		18580A9A1A01132D00C1539E /* Animation.m */ = {isa = PBXFileReference; fileEncoding = 4; lastKnownFileType = sourcecode.c.objc; name = Animation.m; path = ExpressionChat/Animation.m; sourceTree = "<group>"; };
		185914BD1A15A0EF00BFDEBE /* amrFileCodec.h */ = {isa = PBXFileReference; fileEncoding = 4; lastKnownFileType = sourcecode.c.h; path = amrFileCodec.h; sourceTree = "<group>"; };
		185914BE1A15A0EF00BFDEBE /* amrFileCodec.m */ = {isa = PBXFileReference; fileEncoding = 4; lastKnownFileType = sourcecode.c.objc; path = amrFileCodec.m; sourceTree = "<group>"; };
		185914C11A15A11B00BFDEBE /* interf_dec.h */ = {isa = PBXFileReference; lastKnownFileType = sourcecode.c.h; path = interf_dec.h; sourceTree = "<group>"; };
		185914C21A15A11B00BFDEBE /* interf_enc.h */ = {isa = PBXFileReference; lastKnownFileType = sourcecode.c.h; path = interf_enc.h; sourceTree = "<group>"; };
		185914C61A15A19F00BFDEBE /* dec_if.h */ = {isa = PBXFileReference; lastKnownFileType = sourcecode.c.h; path = dec_if.h; sourceTree = "<group>"; };
		185914C71A15A19F00BFDEBE /* if_rom.h */ = {isa = PBXFileReference; lastKnownFileType = sourcecode.c.h; path = if_rom.h; sourceTree = "<group>"; };
		185914C81A15A1CC00BFDEBE /* libopencore-amrnb.a */ = {isa = PBXFileReference; lastKnownFileType = archive.ar; path = "libopencore-amrnb.a"; sourceTree = "<group>"; };
		185914C91A15A1CC00BFDEBE /* libopencore-amrwb.a */ = {isa = PBXFileReference; lastKnownFileType = archive.ar; path = "libopencore-amrwb.a"; sourceTree = "<group>"; };
		185914CA1A15A1CC00BFDEBE /* RecordAudio.h */ = {isa = PBXFileReference; fileEncoding = 4; lastKnownFileType = sourcecode.c.h; path = RecordAudio.h; sourceTree = "<group>"; };
		185914CB1A15A1CC00BFDEBE /* RecordAudio.m */ = {isa = PBXFileReference; fileEncoding = 4; lastKnownFileType = sourcecode.c.objc; path = RecordAudio.m; sourceTree = "<group>"; };
		187570DD1A2221CD008B86E3 /* EmojiBoardView.h */ = {isa = PBXFileReference; fileEncoding = 4; lastKnownFileType = sourcecode.c.h; path = EmojiBoardView.h; sourceTree = "<group>"; };
		187570DE1A2221CD008B86E3 /* EmojiBoardView.m */ = {isa = PBXFileReference; fileEncoding = 4; lastKnownFileType = sourcecode.c.objc; path = EmojiBoardView.m; sourceTree = "<group>"; };
		1887AE881A1F5B2600760AAD /* UINavigationController+YRBackGesture.h */ = {isa = PBXFileReference; fileEncoding = 4; lastKnownFileType = sourcecode.c.h; name = "UINavigationController+YRBackGesture.h"; path = "ExpressionChat/UINavigationController+YRBackGesture.h"; sourceTree = "<group>"; };
		1887AE891A1F5B2600760AAD /* UINavigationController+YRBackGesture.m */ = {isa = PBXFileReference; fileEncoding = 4; lastKnownFileType = sourcecode.c.objc; name = "UINavigationController+YRBackGesture.m"; path = "ExpressionChat/UINavigationController+YRBackGesture.m"; sourceTree = "<group>"; };
		18912ADB1A01CF6500BF0797 /* JZSwipeCell.h */ = {isa = PBXFileReference; fileEncoding = 4; lastKnownFileType = sourcecode.c.h; path = JZSwipeCell.h; sourceTree = "<group>"; };
		18912ADC1A01CF6500BF0797 /* JZSwipeCell.m */ = {isa = PBXFileReference; fileEncoding = 4; lastKnownFileType = sourcecode.c.objc; path = JZSwipeCell.m; sourceTree = "<group>"; };
		1891BA8D1A20A6F000347A20 /* biu_logo.png */ = {isa = PBXFileReference; lastKnownFileType = image.png; path = biu_logo.png; sourceTree = "<group>"; };
		189BE4221A046BD5002FF4FA /* ResourceManager.h */ = {isa = PBXFileReference; fileEncoding = 4; lastKnownFileType = sourcecode.c.h; name = ResourceManager.h; path = ../ResourceManager.h; sourceTree = "<group>"; };
		189BE4231A046BD5002FF4FA /* ResourceManager.m */ = {isa = PBXFileReference; fileEncoding = 4; lastKnownFileType = sourcecode.c.objc; name = ResourceManager.m; path = ../ResourceManager.m; sourceTree = "<group>"; };
		189BE43E1A067760002FF4FA /* SettingsViewController.h */ = {isa = PBXFileReference; fileEncoding = 4; lastKnownFileType = sourcecode.c.h; path = SettingsViewController.h; sourceTree = "<group>"; };
		189BE43F1A067760002FF4FA /* SettingsViewController.m */ = {isa = PBXFileReference; fileEncoding = 4; lastKnownFileType = sourcecode.c.objc; path = SettingsViewController.m; sourceTree = "<group>"; };
		18AA172D1A5A7DE900518CC6 /* NotifyMsg.h */ = {isa = PBXFileReference; fileEncoding = 4; lastKnownFileType = sourcecode.c.h; path = NotifyMsg.h; sourceTree = "<group>"; };
		18AA172E1A5A7DE900518CC6 /* NotifyMsg.m */ = {isa = PBXFileReference; fileEncoding = 4; lastKnownFileType = sourcecode.c.objc; path = NotifyMsg.m; sourceTree = "<group>"; };
		18AA17301A5A7DEA00518CC6 /* Friends.h */ = {isa = PBXFileReference; fileEncoding = 4; lastKnownFileType = sourcecode.c.h; path = Friends.h; sourceTree = "<group>"; };
		18AA17311A5A7DEA00518CC6 /* Friends.m */ = {isa = PBXFileReference; fileEncoding = 4; lastKnownFileType = sourcecode.c.objc; path = Friends.m; sourceTree = "<group>"; };
		18B6A1A019FF2B08008C4EE9 /* Friends+Methods.h */ = {isa = PBXFileReference; fileEncoding = 4; lastKnownFileType = sourcecode.c.h; name = "Friends+Methods.h"; path = "../Friends+Methods.h"; sourceTree = "<group>"; };
		18B6A1A119FF2B08008C4EE9 /* Friends+Methods.m */ = {isa = PBXFileReference; fileEncoding = 4; lastKnownFileType = sourcecode.c.objc; name = "Friends+Methods.m"; path = "../Friends+Methods.m"; sourceTree = "<group>"; };
		18B6A1A319FF2D29008C4EE9 /* NotifyMsg+Methods.h */ = {isa = PBXFileReference; fileEncoding = 4; lastKnownFileType = sourcecode.c.h; name = "NotifyMsg+Methods.h"; path = "../NotifyMsg+Methods.h"; sourceTree = "<group>"; };
		18B6A1A419FF2D29008C4EE9 /* NotifyMsg+Methods.m */ = {isa = PBXFileReference; fileEncoding = 4; lastKnownFileType = sourcecode.c.objc; name = "NotifyMsg+Methods.m"; path = "../NotifyMsg+Methods.m"; sourceTree = "<group>"; };
		18B78AFD1A09C62300540327 /* Toast.h */ = {isa = PBXFileReference; fileEncoding = 4; lastKnownFileType = sourcecode.c.h; path = Toast.h; sourceTree = "<group>"; };
		18B78AFE1A09C62300540327 /* Toast.m */ = {isa = PBXFileReference; fileEncoding = 4; lastKnownFileType = sourcecode.c.objc; path = Toast.m; sourceTree = "<group>"; };
		18C675D11A2AB9B000A21CDB /* correct.png */ = {isa = PBXFileReference; lastKnownFileType = image.png; path = correct.png; sourceTree = "<group>"; };
		18E0092F1A0723560071F471 /* ValidateViewController.h */ = {isa = PBXFileReference; fileEncoding = 4; lastKnownFileType = sourcecode.c.h; path = ValidateViewController.h; sourceTree = "<group>"; };
		18E009301A0723560071F471 /* ValidateViewController.m */ = {isa = PBXFileReference; fileEncoding = 4; lastKnownFileType = sourcecode.c.objc; path = ValidateViewController.m; sourceTree = "<group>"; };
		18EF7FB019E685B60018AC26 /* DBBiu.xcdatamodel */ = {isa = PBXFileReference; lastKnownFileType = wrapper.xcdatamodel; path = DBBiu.xcdatamodel; sourceTree = "<group>"; };
/* End PBXFileReference section */

/* Begin PBXFrameworksBuildPhase section */
		180C237019E4D419008F8C0E /* Frameworks */ = {
			isa = PBXFrameworksBuildPhase;
			buildActionMask = 2147483647;
			files = (
				1897652F1A27431100C4B050 /* AVOSCloud.framework in Frameworks */,
				183C19FC1A255E4600150D4E /* MessageUI.framework in Frameworks */,
				18531ECE1A119CCD00C38B07 /* Foundation.framework in Frameworks */,
				182EBE0019FCEB7100D3AC01 /* AudioToolbox.framework in Frameworks */,
				180C23A719E4D590008F8C0E /* libicucore.dylib in Frameworks */,
				185914CC1A15A1CC00BFDEBE /* libopencore-amrnb.a in Frameworks */,
				18531ECC1A11995600C38B07 /* lame.framework in Frameworks */,
				180C23A519E4D576008F8C0E /* CoreLocation.framework in Frameworks */,
				185914CD1A15A1CC00BFDEBE /* libopencore-amrwb.a in Frameworks */,
				180C23A319E4D56E008F8C0E /* CoreTelephony.framework in Frameworks */,
				180C23A119E4D563008F8C0E /* MobileCoreServices.framework in Frameworks */,
				180C239F19E4D556008F8C0E /* SystemConfiguration.framework in Frameworks */,
			);
			runOnlyForDeploymentPostprocessing = 0;
		};
		180C238919E4D41A008F8C0E /* Frameworks */ = {
			isa = PBXFrameworksBuildPhase;
			buildActionMask = 2147483647;
			files = (
			);
			runOnlyForDeploymentPostprocessing = 0;
		};
/* End PBXFrameworksBuildPhase section */

/* Begin PBXGroup section */
		180C236A19E4D419008F8C0E = {
			isa = PBXGroup;
			children = (
				180C237519E4D419008F8C0E /* ExpressionChat */,
				180C238F19E4D41A008F8C0E /* ExpressionChatTests */,
				180C237419E4D419008F8C0E /* Products */,
			);
			sourceTree = "<group>";
		};
		180C237419E4D419008F8C0E /* Products */ = {
			isa = PBXGroup;
			children = (
				180C237319E4D419008F8C0E /* Biu.app */,
				180C238C19E4D41A008F8C0E /* ExpressionChatTests.xctest */,
			);
			name = Products;
			sourceTree = "<group>";
		};
		180C237519E4D419008F8C0E /* ExpressionChat */ = {
			isa = PBXGroup;
			children = (
				18912ADE1A01CF6E00BF0797 /* Resource */,
				18414CDE19ED0A3400B072C4 /* Manager */,
				18414CDA19ED08F800B072C4 /* DBBiu */,
				189BE43D1A065DF6002FF4FA /* ViewController */,
				180C237A19E4D41A008F8C0E /* AppDelegate.h */,
				180C237B19E4D41A008F8C0E /* AppDelegate.m */,
				180C238019E4D41A008F8C0E /* Main.storyboard */,
				180C238319E4D41A008F8C0E /* Images.xcassets */,
				18017E8119F8EF9800BB9B29 /* LaunchScreen.xib */,
				180C237619E4D419008F8C0E /* Supporting Files */,
			);
			path = ExpressionChat;
			sourceTree = "<group>";
		};
		180C237619E4D419008F8C0E /* Supporting Files */ = {
			isa = PBXGroup;
			children = (
				1848FCBF1A26B77A004F08D1 /* AVOSCloud.framework */,
				183C19FB1A255E4600150D4E /* MessageUI.framework */,
				18531ECD1A119CCD00C38B07 /* Foundation.framework */,
				18531ECB1A11995600C38B07 /* lame.framework */,
				182EBDFF19FCEB7100D3AC01 /* AudioToolbox.framework */,
				180C23A619E4D590008F8C0E /* libicucore.dylib */,
				180C23A419E4D576008F8C0E /* CoreLocation.framework */,
				180C23A219E4D56E008F8C0E /* CoreTelephony.framework */,
				180C23A019E4D563008F8C0E /* MobileCoreServices.framework */,
				180C239E19E4D556008F8C0E /* SystemConfiguration.framework */,
				180C237719E4D41A008F8C0E /* Info.plist */,
				180C237819E4D41A008F8C0E /* main.m */,
			);
			name = "Supporting Files";
			sourceTree = "<group>";
		};
		180C238F19E4D41A008F8C0E /* ExpressionChatTests */ = {
			isa = PBXGroup;
			children = (
				180C239219E4D41A008F8C0E /* ExpressionChatTests.m */,
				180C239019E4D41A008F8C0E /* Supporting Files */,
			);
			path = ExpressionChatTests;
			sourceTree = "<group>";
		};
		180C239019E4D41A008F8C0E /* Supporting Files */ = {
			isa = PBXGroup;
			children = (
				180C239119E4D41A008F8C0E /* Info.plist */,
			);
			name = "Supporting Files";
			sourceTree = "<group>";
		};
		18414CDA19ED08F800B072C4 /* DBBiu */ = {
			isa = PBXGroup;
			children = (
				18B6A1A019FF2B08008C4EE9 /* Friends+Methods.h */,
				18B6A1A119FF2B08008C4EE9 /* Friends+Methods.m */,
				18B6A1A319FF2D29008C4EE9 /* NotifyMsg+Methods.h */,
				18B6A1A419FF2D29008C4EE9 /* NotifyMsg+Methods.m */,
				18EF7FAF19E685B60018AC26 /* DBBiu.xcdatamodeld */,
				18AA17301A5A7DEA00518CC6 /* Friends.h */,
				18AA17311A5A7DEA00518CC6 /* Friends.m */,
				18AA172D1A5A7DE900518CC6 /* NotifyMsg.h */,
				18AA172E1A5A7DE900518CC6 /* NotifyMsg.m */,
				185267F01A1B317E0078BB0E /* BiuMessage.h */,
				185267F11A1B317E0078BB0E /* BiuMessage.m */,
			);
			name = DBBiu;
			sourceTree = "<group>";
		};
		18414CDE19ED0A3400B072C4 /* Manager */ = {
			isa = PBXGroup;
			children = (
				189BE4221A046BD5002FF4FA /* ResourceManager.h */,
				189BE4231A046BD5002FF4FA /* ResourceManager.m */,
				1840F8DA19EB59A600F64F7C /* BiuSessionManager.h */,
				1840F8DB19EB59A600F64F7C /* BiuSessionManager.m */,
			);
			name = Manager;
			sourceTree = "<group>";
		};
		185211EE1A1D73E500CA86B4 /* Audio&Image */ = {
			isa = PBXGroup;
			children = (
				185211F01A1D740E00CA86B4 /* Image */,
			);
			name = "Audio&Image";
			sourceTree = "<group>";
		};
		185211F01A1D740E00CA86B4 /* Image */ = {
			isa = PBXGroup;
			children = (
				18C675D11A2AB9B000A21CDB /* correct.png */,
				1891BA8D1A20A6F000347A20 /* biu_logo.png */,
				183560CF1A1F08ED0079BCE2 /* warning.png */,
				185211F11A1D742500CA86B4 /* record_animate_01.png */,
				185211F21A1D742500CA86B4 /* record_animate_02.png */,
				185211F31A1D742500CA86B4 /* record_animate_03.png */,
				185211F41A1D742500CA86B4 /* record_animate_04.png */,
				185211F51A1D742500CA86B4 /* record_animate_05.png */,
				185211F61A1D742500CA86B4 /* record_animate_06.png */,
				185211F71A1D742500CA86B4 /* record_animate_07.png */,
				185211F81A1D742500CA86B4 /* record_animate_08.png */,
				185211F91A1D742500CA86B4 /* record_animate_09.png */,
				185211FA1A1D742500CA86B4 /* record_animate_10.png */,
				185211FB1A1D742500CA86B4 /* record_animate_11.png */,
				185211FC1A1D742500CA86B4 /* record_animate_12.png */,
				185211FD1A1D742500CA86B4 /* record_animate_13.png */,
				185211FE1A1D742500CA86B4 /* record_animate_14.png */,
				185211FF1A1D742500CA86B4 /* record_animate_15.png */,
				185212001A1D742500CA86B4 /* record_bg.png */,
				185267EE1A1AD96C0078BB0E /* normal.png */,
				185267EC1A1AD67B0078BB0E /* highLight.png */,
			);
			name = Image;
			sourceTree = "<group>";
		};
		185914C01A15A0F300BFDEBE /* AMR */ = {
			isa = PBXGroup;
			children = (
				185914BD1A15A0EF00BFDEBE /* amrFileCodec.h */,
				185914BE1A15A0EF00BFDEBE /* amrFileCodec.m */,
				185914CA1A15A1CC00BFDEBE /* RecordAudio.h */,
				185914CB1A15A1CC00BFDEBE /* RecordAudio.m */,
				185914CF1A15A1E100BFDEBE /* lib */,
				185914C31A15A12300BFDEBE /* include */,
			);
			name = AMR;
			sourceTree = "<group>";
		};
		185914C31A15A12300BFDEBE /* include */ = {
			isa = PBXGroup;
			children = (
				185914C51A15A15B00BFDEBE /* opencore-amrwb */,
				185914C41A15A14700BFDEBE /* opencore-amrnb */,
			);
			name = include;
			sourceTree = "<group>";
		};
		185914C41A15A14700BFDEBE /* opencore-amrnb */ = {
			isa = PBXGroup;
			children = (
				185914C11A15A11B00BFDEBE /* interf_dec.h */,
				185914C21A15A11B00BFDEBE /* interf_enc.h */,
			);
			name = "opencore-amrnb";
			sourceTree = "<group>";
		};
		185914C51A15A15B00BFDEBE /* opencore-amrwb */ = {
			isa = PBXGroup;
			children = (
				185914C61A15A19F00BFDEBE /* dec_if.h */,
				185914C71A15A19F00BFDEBE /* if_rom.h */,
			);
			name = "opencore-amrwb";
			sourceTree = "<group>";
		};
		185914CF1A15A1E100BFDEBE /* lib */ = {
			isa = PBXGroup;
			children = (
				185914C81A15A1CC00BFDEBE /* libopencore-amrnb.a */,
				185914C91A15A1CC00BFDEBE /* libopencore-amrwb.a */,
			);
			name = lib;
			sourceTree = "<group>";
		};
		18912ADE1A01CF6E00BF0797 /* Resource */ = {
			isa = PBXGroup;
			children = (
				185211EE1A1D73E500CA86B4 /* Audio&Image */,
				185914C01A15A0F300BFDEBE /* AMR */,
				18B78AFD1A09C62300540327 /* Toast.h */,
				18B78AFE1A09C62300540327 /* Toast.m */,
				18580A991A01132D00C1539E /* Animation.h */,
				18580A9A1A01132D00C1539E /* Animation.m */,
				183EE39219EE09810096DC26 /* Emoji.plist */,
				18912ADB1A01CF6500BF0797 /* JZSwipeCell.h */,
				18912ADC1A01CF6500BF0797 /* JZSwipeCell.m */,
				187570DD1A2221CD008B86E3 /* EmojiBoardView.h */,
				187570DE1A2221CD008B86E3 /* EmojiBoardView.m */,
				1887AE881A1F5B2600760AAD /* UINavigationController+YRBackGesture.h */,
				1887AE891A1F5B2600760AAD /* UINavigationController+YRBackGesture.m */,
			);
			name = Resource;
			path = ..;
			sourceTree = "<group>";
		};
		189BE43D1A065DF6002FF4FA /* ViewController */ = {
			isa = PBXGroup;
			children = (
				18E0092F1A0723560071F471 /* ValidateViewController.h */,
				18E009301A0723560071F471 /* ValidateViewController.m */,
				189BE43E1A067760002FF4FA /* SettingsViewController.h */,
				189BE43F1A067760002FF4FA /* SettingsViewController.m */,
				183560C91A1EE85E0079BCE2 /* AboutViewController.h */,
				183560CA1A1EE85E0079BCE2 /* AboutViewController.m */,
				180C23A819E522D7008F8C0E /* LoginViewController.h */,
				180C23A919E522D7008F8C0E /* LoginViewController.m */,
				1841E3DD19E5270400859B58 /* MainViewController.h */,
				1841E3DE19E5270400859B58 /* MainViewController.m */,
				180C237D19E4D41A008F8C0E /* ViewController.h */,
				180C237E19E4D41A008F8C0E /* ViewController.m */,
				183EE38E19EE06BC0096DC26 /* EmojiViewController.h */,
				183EE38F19EE06BC0096DC26 /* EmojiViewController.m */,
			);
			name = ViewController;
			sourceTree = "<group>";
		};
/* End PBXGroup section */

/* Begin PBXNativeTarget section */
		180C237219E4D419008F8C0E /* ExpressionChat */ = {
			isa = PBXNativeTarget;
			buildConfigurationList = 180C239619E4D41A008F8C0E /* Build configuration list for PBXNativeTarget "ExpressionChat" */;
			buildPhases = (
				180C236F19E4D419008F8C0E /* Sources */,
				180C237019E4D419008F8C0E /* Frameworks */,
				180C237119E4D419008F8C0E /* Resources */,
			);
			buildRules = (
			);
			dependencies = (
			);
			name = ExpressionChat;
			productName = ExpressionChat;
			productReference = 180C237319E4D419008F8C0E /* Biu.app */;
			productType = "com.apple.product-type.application";
		};
		180C238B19E4D41A008F8C0E /* ExpressionChatTests */ = {
			isa = PBXNativeTarget;
			buildConfigurationList = 180C239919E4D41A008F8C0E /* Build configuration list for PBXNativeTarget "ExpressionChatTests" */;
			buildPhases = (
				180C238819E4D41A008F8C0E /* Sources */,
				180C238919E4D41A008F8C0E /* Frameworks */,
				180C238A19E4D41A008F8C0E /* Resources */,
			);
			buildRules = (
			);
			dependencies = (
				180C238E19E4D41A008F8C0E /* PBXTargetDependency */,
			);
			name = ExpressionChatTests;
			productName = ExpressionChatTests;
			productReference = 180C238C19E4D41A008F8C0E /* ExpressionChatTests.xctest */;
			productType = "com.apple.product-type.bundle.unit-test";
		};
/* End PBXNativeTarget section */

/* Begin PBXProject section */
		180C236B19E4D419008F8C0E /* Project object */ = {
			isa = PBXProject;
			attributes = {
				LastUpgradeCheck = 0600;
				ORGANIZATIONNAME = Feicun;
				TargetAttributes = {
					180C237219E4D419008F8C0E = {
						CreatedOnToolsVersion = 6.0.1;
						SystemCapabilities = {
							com.apple.BackgroundModes = {
								enabled = 1;
							};
						};
					};
					180C238B19E4D41A008F8C0E = {
						CreatedOnToolsVersion = 6.0.1;
						DevelopmentTeam = 9UJ995B4PR;
						TestTargetID = 180C237219E4D419008F8C0E;
					};
				};
			};
			buildConfigurationList = 180C236E19E4D419008F8C0E /* Build configuration list for PBXProject "ExpressionChat" */;
			compatibilityVersion = "Xcode 3.2";
			developmentRegion = English;
			hasScannedForEncodings = 0;
			knownRegions = (
				en,
				Base,
			);
			mainGroup = 180C236A19E4D419008F8C0E;
			productRefGroup = 180C237419E4D419008F8C0E /* Products */;
			projectDirPath = "";
			projectRoot = "";
			targets = (
				180C237219E4D419008F8C0E /* ExpressionChat */,
				180C238B19E4D41A008F8C0E /* ExpressionChatTests */,
			);
		};
/* End PBXProject section */

/* Begin PBXResourcesBuildPhase section */
		180C237119E4D419008F8C0E /* Resources */ = {
			isa = PBXResourcesBuildPhase;
			buildActionMask = 2147483647;
			files = (
				180C238219E4D41A008F8C0E /* Main.storyboard in Resources */,
				185212031A1D742500CA86B4 /* record_animate_03.png in Resources */,
				183EE39319EE09810096DC26 /* Emoji.plist in Resources */,
				1852120B1A1D742500CA86B4 /* record_animate_11.png in Resources */,
				185212101A1D742500CA86B4 /* record_bg.png in Resources */,
				18C675D21A2AB9B000A21CDB /* correct.png in Resources */,
				185212061A1D742500CA86B4 /* record_animate_06.png in Resources */,
				185212021A1D742500CA86B4 /* record_animate_02.png in Resources */,
				1852120F1A1D742500CA86B4 /* record_animate_15.png in Resources */,
				185267EF1A1AD96C0078BB0E /* normal.png in Resources */,
				1852120D1A1D742500CA86B4 /* record_animate_13.png in Resources */,
				1891BA8E1A20A6F000347A20 /* biu_logo.png in Resources */,
				185212051A1D742500CA86B4 /* record_animate_05.png in Resources */,
				185212081A1D742500CA86B4 /* record_animate_08.png in Resources */,
				183560D01A1F08ED0079BCE2 /* warning.png in Resources */,
				180C238419E4D41A008F8C0E /* Images.xcassets in Resources */,
				185212041A1D742500CA86B4 /* record_animate_04.png in Resources */,
				185267ED1A1AD67B0078BB0E /* highLight.png in Resources */,
				1852120C1A1D742500CA86B4 /* record_animate_12.png in Resources */,
				185212071A1D742500CA86B4 /* record_animate_07.png in Resources */,
				185212091A1D742500CA86B4 /* record_animate_09.png in Resources */,
				18017E8219F8EF9800BB9B29 /* LaunchScreen.xib in Resources */,
				1852120E1A1D742500CA86B4 /* record_animate_14.png in Resources */,
				185212011A1D742500CA86B4 /* record_animate_01.png in Resources */,
				1852120A1A1D742500CA86B4 /* record_animate_10.png in Resources */,
			);
			runOnlyForDeploymentPostprocessing = 0;
		};
		180C238A19E4D41A008F8C0E /* Resources */ = {
			isa = PBXResourcesBuildPhase;
			buildActionMask = 2147483647;
			files = (
			);
			runOnlyForDeploymentPostprocessing = 0;
		};
/* End PBXResourcesBuildPhase section */

/* Begin PBXSourcesBuildPhase section */
		180C236F19E4D419008F8C0E /* Sources */ = {
			isa = PBXSourcesBuildPhase;
			buildActionMask = 2147483647;
			files = (
				1897652E1A272CF400C4B050 /* RecordAudio.m in Sources */,
				1887AE8A1A1F5B2600760AAD /* UINavigationController+YRBackGesture.m in Sources */,
				183EE39019EE06BC0096DC26 /* EmojiViewController.m in Sources */,
				18580A9B1A01132D00C1539E /* Animation.m in Sources */,
				189BE4401A067760002FF4FA /* SettingsViewController.m in Sources */,
				18E009311A0723560071F471 /* ValidateViewController.m in Sources */,
				18B78AFF1A09C62300540327 /* Toast.m in Sources */,
				18B6A1A219FF2B08008C4EE9 /* Friends+Methods.m in Sources */,
				1840F8DC19EB59A600F64F7C /* BiuSessionManager.m in Sources */,
				187570DF1A2221CD008B86E3 /* EmojiBoardView.m in Sources */,
				18AA172F1A5A7DE900518CC6 /* NotifyMsg.m in Sources */,
				185267F21A1B317E0078BB0E /* BiuMessage.m in Sources */,
				18EF7FB119E685B60018AC26 /* DBBiu.xcdatamodeld in Sources */,
				189BE4241A046BD5002FF4FA /* ResourceManager.m in Sources */,
				180C23AA19E522D7008F8C0E /* LoginViewController.m in Sources */,
				18AA17321A5A7DEA00518CC6 /* Friends.m in Sources */,
				185914BF1A15A0EF00BFDEBE /* amrFileCodec.m in Sources */,
				180C237F19E4D41A008F8C0E /* ViewController.m in Sources */,
				18B6A1A519FF2D29008C4EE9 /* NotifyMsg+Methods.m in Sources */,
				180C237C19E4D41A008F8C0E /* AppDelegate.m in Sources */,
				18912ADD1A01CF6500BF0797 /* JZSwipeCell.m in Sources */,
				1841E3DF19E5270400859B58 /* MainViewController.m in Sources */,
				180C237919E4D41A008F8C0E /* main.m in Sources */,
				183560CB1A1EE85E0079BCE2 /* AboutViewController.m in Sources */,
			);
			runOnlyForDeploymentPostprocessing = 0;
		};
		180C238819E4D41A008F8C0E /* Sources */ = {
			isa = PBXSourcesBuildPhase;
			buildActionMask = 2147483647;
			files = (
				180C239319E4D41A008F8C0E /* ExpressionChatTests.m in Sources */,
			);
			runOnlyForDeploymentPostprocessing = 0;
		};
/* End PBXSourcesBuildPhase section */

/* Begin PBXTargetDependency section */
		180C238E19E4D41A008F8C0E /* PBXTargetDependency */ = {
			isa = PBXTargetDependency;
			target = 180C237219E4D419008F8C0E /* ExpressionChat */;
			targetProxy = 180C238D19E4D41A008F8C0E /* PBXContainerItemProxy */;
		};
/* End PBXTargetDependency section */

/* Begin PBXVariantGroup section */
		180C238019E4D41A008F8C0E /* Main.storyboard */ = {
			isa = PBXVariantGroup;
			children = (
				180C238119E4D41A008F8C0E /* Base */,
				1848FCC11A26C0E5004F08D1 /* zh-Hans */,
			);
			name = Main.storyboard;
			sourceTree = "<group>";
		};
/* End PBXVariantGroup section */

/* Begin XCBuildConfiguration section */
		180C239419E4D41A008F8C0E /* Debug */ = {
			isa = XCBuildConfiguration;
			buildSettings = {
				ALWAYS_SEARCH_USER_PATHS = NO;
				CLANG_CXX_LANGUAGE_STANDARD = "gnu++0x";
				CLANG_CXX_LIBRARY = "libc++";
				CLANG_ENABLE_MODULES = YES;
				CLANG_ENABLE_OBJC_ARC = YES;
				CLANG_WARN_BOOL_CONVERSION = YES;
				CLANG_WARN_CONSTANT_CONVERSION = YES;
				CLANG_WARN_DIRECT_OBJC_ISA_USAGE = YES_ERROR;
				CLANG_WARN_EMPTY_BODY = YES;
				CLANG_WARN_ENUM_CONVERSION = YES;
				CLANG_WARN_INT_CONVERSION = YES;
				CLANG_WARN_OBJC_ROOT_CLASS = YES_ERROR;
				CLANG_WARN_UNREACHABLE_CODE = YES;
				CLANG_WARN__DUPLICATE_METHOD_MATCH = YES;
				"CODE_SIGN_IDENTITY[sdk=iphoneos*]" = "iPhone Developer";
				COPY_PHASE_STRIP = NO;
				ENABLE_STRICT_OBJC_MSGSEND = YES;
				GCC_C_LANGUAGE_STANDARD = gnu99;
				GCC_DYNAMIC_NO_PIC = NO;
				GCC_OPTIMIZATION_LEVEL = 0;
				GCC_PREPROCESSOR_DEFINITIONS = (
					"DEBUG=1",
					"$(inherited)",
				);
				GCC_SYMBOLS_PRIVATE_EXTERN = NO;
				GCC_WARN_64_TO_32_BIT_CONVERSION = YES;
				GCC_WARN_ABOUT_RETURN_TYPE = YES_ERROR;
				GCC_WARN_UNDECLARED_SELECTOR = YES;
				GCC_WARN_UNINITIALIZED_AUTOS = YES_AGGRESSIVE;
				GCC_WARN_UNUSED_FUNCTION = YES;
				GCC_WARN_UNUSED_VARIABLE = YES;
				IPHONEOS_DEPLOYMENT_TARGET = 6.1;
				MTL_ENABLE_DEBUG_INFO = YES;
				ONLY_ACTIVE_ARCH = YES;
				PRODUCT_NAME = "";
				PROVISIONING_PROFILE = "eec1550a-2a7e-4400-b2e4-db244963f94e";
				SDKROOT = iphoneos;
			};
			name = Debug;
		};
		180C239519E4D41A008F8C0E /* Release */ = {
			isa = XCBuildConfiguration;
			buildSettings = {
				ALWAYS_SEARCH_USER_PATHS = NO;
				CLANG_CXX_LANGUAGE_STANDARD = "gnu++0x";
				CLANG_CXX_LIBRARY = "libc++";
				CLANG_ENABLE_MODULES = YES;
				CLANG_ENABLE_OBJC_ARC = YES;
				CLANG_WARN_BOOL_CONVERSION = YES;
				CLANG_WARN_CONSTANT_CONVERSION = YES;
				CLANG_WARN_DIRECT_OBJC_ISA_USAGE = YES_ERROR;
				CLANG_WARN_EMPTY_BODY = YES;
				CLANG_WARN_ENUM_CONVERSION = YES;
				CLANG_WARN_INT_CONVERSION = YES;
				CLANG_WARN_OBJC_ROOT_CLASS = YES_ERROR;
				CLANG_WARN_UNREACHABLE_CODE = YES;
				CLANG_WARN__DUPLICATE_METHOD_MATCH = YES;
				"CODE_SIGN_IDENTITY[sdk=iphoneos*]" = "iPhone Developer";
				COPY_PHASE_STRIP = YES;
				ENABLE_NS_ASSERTIONS = NO;
				ENABLE_STRICT_OBJC_MSGSEND = YES;
				GCC_C_LANGUAGE_STANDARD = gnu99;
				GCC_WARN_64_TO_32_BIT_CONVERSION = YES;
				GCC_WARN_ABOUT_RETURN_TYPE = YES_ERROR;
				GCC_WARN_UNDECLARED_SELECTOR = YES;
				GCC_WARN_UNINITIALIZED_AUTOS = YES_AGGRESSIVE;
				GCC_WARN_UNUSED_FUNCTION = YES;
				GCC_WARN_UNUSED_VARIABLE = YES;
				IPHONEOS_DEPLOYMENT_TARGET = 6.1;
				MTL_ENABLE_DEBUG_INFO = NO;
				PRODUCT_NAME = "";
				PROVISIONING_PROFILE = "eec1550a-2a7e-4400-b2e4-db244963f94e";
				SDKROOT = iphoneos;
				VALIDATE_PRODUCT = YES;
			};
			name = Release;
		};
		180C239719E4D41A008F8C0E /* Debug */ = {
			isa = XCBuildConfiguration;
			buildSettings = {
				ASSETCATALOG_COMPILER_APPICON_NAME = AppIcon;
				ASSETCATALOG_COMPILER_LAUNCHIMAGE_NAME = LaunchImage;
				CLANG_CXX_LIBRARY = "libc++";
				CODE_SIGN_IDENTITY = "iPhone Distribution: Zhengxin Peng (9UJ995B4PR)";
				"CODE_SIGN_IDENTITY[sdk=iphoneos*]" = "iPhone Distribution: Zhengxin Peng (9UJ995B4PR)";
				FRAMEWORK_SEARCH_PATHS = (
					"$(inherited)",
					"/Users/apple/Desktop/iOS/release-v2.6.5.1",
					"$(PROJECT_DIR)/ExpressionChat",
				);
				GCC_INPUT_FILETYPE = automatic;
				GCC_PRECOMPILE_PREFIX_HEADER = NO;
				INFOPLIST_FILE = ExpressionChat/Info.plist;
				IPHONEOS_DEPLOYMENT_TARGET = 7.0;
				LD_RUNPATH_SEARCH_PATHS = "$(inherited) @executable_path/Frameworks";
				LIBRARY_SEARCH_PATHS = (
					"$(inherited)",
					"$(PROJECT_DIR)/ExpressionChat",
					"$(PROJECT_DIR)",
				);
				PRODUCT_NAME = Biu;
				PROVISIONING_PROFILE = "1479114e-7db7-40c7-b5e6-0aa31a754c58";
				TARGETED_DEVICE_FAMILY = "1,2";
			};
			name = Debug;
		};
		180C239819E4D41A008F8C0E /* Release */ = {
			isa = XCBuildConfiguration;
			buildSettings = {
				ASSETCATALOG_COMPILER_APPICON_NAME = AppIcon;
				ASSETCATALOG_COMPILER_LAUNCHIMAGE_NAME = LaunchImage;
				CLANG_CXX_LIBRARY = "libc++";
				CODE_SIGN_IDENTITY = "iPhone Distribution: Zhengxin Peng (9UJ995B4PR)";
				"CODE_SIGN_IDENTITY[sdk=iphoneos*]" = "iPhone Distribution: Zhengxin Peng (9UJ995B4PR)";
				FRAMEWORK_SEARCH_PATHS = (
					"$(inherited)",
					"/Users/apple/Desktop/iOS/release-v2.6.5.1",
					"$(PROJECT_DIR)/ExpressionChat",
				);
				GCC_INPUT_FILETYPE = automatic;
				GCC_PRECOMPILE_PREFIX_HEADER = NO;
				INFOPLIST_FILE = ExpressionChat/Info.plist;
				IPHONEOS_DEPLOYMENT_TARGET = 7.0;
				LD_RUNPATH_SEARCH_PATHS = "$(inherited) @executable_path/Frameworks";
				LIBRARY_SEARCH_PATHS = (
					"$(inherited)",
					"$(PROJECT_DIR)/ExpressionChat",
					"$(PROJECT_DIR)",
				);
				PRODUCT_NAME = Biu;
				PROVISIONING_PROFILE = "1479114e-7db7-40c7-b5e6-0aa31a754c58";
				TARGETED_DEVICE_FAMILY = "1,2";
			};
			name = Release;
		};
		180C239A19E4D41A008F8C0E /* Debug */ = {
			isa = XCBuildConfiguration;
			buildSettings = {
				BUNDLE_LOADER = "$(TEST_HOST)";
				CODE_SIGN_IDENTITY = "iPhone Developer";
				"CODE_SIGN_IDENTITY[sdk=iphoneos*]" = "iPhone Developer";
				FRAMEWORK_SEARCH_PATHS = (
					"$(SDKROOT)/Developer/Library/Frameworks",
					"$(inherited)",
				);
				GCC_PREPROCESSOR_DEFINITIONS = (
					"DEBUG=1",
					"$(inherited)",
				);
				INFOPLIST_FILE = ExpressionChatTests/Info.plist;
				LD_RUNPATH_SEARCH_PATHS = "$(inherited) @executable_path/Frameworks @loader_path/Frameworks";
				PRODUCT_NAME = "$(TARGET_NAME)";
				PROVISIONING_PROFILE = "";
				TEST_HOST = "$(BUILT_PRODUCTS_DIR)/ExpressionChat.app/ExpressionChat";
			};
			name = Debug;
		};
		180C239B19E4D41A008F8C0E /* Release */ = {
			isa = XCBuildConfiguration;
			buildSettings = {
				BUNDLE_LOADER = "$(TEST_HOST)";
				CODE_SIGN_IDENTITY = "iPhone Developer";
				"CODE_SIGN_IDENTITY[sdk=iphoneos*]" = "iPhone Developer";
				FRAMEWORK_SEARCH_PATHS = (
					"$(SDKROOT)/Developer/Library/Frameworks",
					"$(inherited)",
				);
				INFOPLIST_FILE = ExpressionChatTests/Info.plist;
				LD_RUNPATH_SEARCH_PATHS = "$(inherited) @executable_path/Frameworks @loader_path/Frameworks";
				PRODUCT_NAME = "$(TARGET_NAME)";
				PROVISIONING_PROFILE = "";
				TEST_HOST = "$(BUILT_PRODUCTS_DIR)/ExpressionChat.app/ExpressionChat";
			};
			name = Release;
		};
/* End XCBuildConfiguration section */

/* Begin XCConfigurationList section */
		180C236E19E4D419008F8C0E /* Build configuration list for PBXProject "ExpressionChat" */ = {
			isa = XCConfigurationList;
			buildConfigurations = (
				180C239419E4D41A008F8C0E /* Debug */,
				180C239519E4D41A008F8C0E /* Release */,
			);
			defaultConfigurationIsVisible = 0;
			defaultConfigurationName = Release;
		};
		180C239619E4D41A008F8C0E /* Build configuration list for PBXNativeTarget "ExpressionChat" */ = {
			isa = XCConfigurationList;
			buildConfigurations = (
				180C239719E4D41A008F8C0E /* Debug */,
				180C239819E4D41A008F8C0E /* Release */,
			);
			defaultConfigurationIsVisible = 0;
			defaultConfigurationName = Release;
		};
		180C239919E4D41A008F8C0E /* Build configuration list for PBXNativeTarget "ExpressionChatTests" */ = {
			isa = XCConfigurationList;
			buildConfigurations = (
				180C239A19E4D41A008F8C0E /* Debug */,
				180C239B19E4D41A008F8C0E /* Release */,
			);
			defaultConfigurationIsVisible = 0;
			defaultConfigurationName = Release;
		};
/* End XCConfigurationList section */

/* Begin XCVersionGroup section */
		18EF7FAF19E685B60018AC26 /* DBBiu.xcdatamodeld */ = {
			isa = XCVersionGroup;
			children = (
				18EF7FB019E685B60018AC26 /* DBBiu.xcdatamodel */,
			);
			currentVersion = 18EF7FB019E685B60018AC26 /* DBBiu.xcdatamodel */;
			name = DBBiu.xcdatamodeld;
			path = ../DBBiu.xcdatamodeld;
			sourceTree = "<group>";
			versionGroupType = wrapper.xcdatamodel;
		};
/* End XCVersionGroup section */
	};
	rootObject = 180C236B19E4D419008F8C0E /* Project object */;
}
